{
  "version": 4,
  "terraform_version": "1.8.1",
  "serial": 1,
  "lineage": "2d74e728-69d0-cc8d-121e-50c7ba7a1e06",
  "outputs": {},
  "resources": [
    {
      "mode": "managed",
      "type": "local_file",
      "name": "file",
      "provider": "provider[\"registry.terraform.io/hashicorp/local\"]",
      "instances": [
        {
          "schema_version": 0,
          "attributes": {
            "content": "Terraform Day 1",
            "content_base64": null,
            "content_base64sha256": "mN8jGBmHVHto47eZYpOrBqgb9uEPfkTzMAOuc5nPQ5Q=",
            "content_base64sha512": "UD5kqV9IeuWU7jglxLHVFzLsOFBvKq3CP24uwgjB2W8W01Lq09VSfrDsc6Y6tbkzjTDqcKFgib8UzQfEnmkiDQ==",
            "content_md5": "f7d8b0d8b5dd85a0b4d102ad6d119840",
            "content_sha1": "245d55855e2c315b1dea1bc5e182e3549ed9ff4f",
            "content_sha256": "98df23181987547b68e3b7996293ab06a81bf6e10f7e44f33003ae7399cf4394",
            "content_sha512": "503e64a95f487ae594ee3825c4b1d51732ec38506f2aadc23f6e2ec208c1d96f16d352ead3d5527eb0ec73a63ab5b9338d30ea70a16089bf14cd07c49e69220d",
            "directory_permission": "0777",
            "file_permission": "0744",
            "filename": "NTI",
            "id": "245d55855e2c315b1dea1bc5e182e3549ed9ff4f",
            "sensitive_content": null,
            "source": null
          },
          "sensitive_attributes": [
            [
              {
                "type": "get_attr",
                "value": "sensitive_content"
              }
            ]
          ]
        }
      ]
    }
  ],
  "check_results": null
}
