{
  "version": 4,
  "terraform_version": "1.8.1",
  "serial": 6,
  "lineage": "16734d29-f70d-009f-6d22-aaf060d73515",
  "outputs": {},
  "resources": [
    {
      "mode": "managed",
      "type": "local_file",
      "name": "file",
      "provider": "provider[\"registry.terraform.io/hashicorp/local\"]",
      "instances": [
        {
          "index_key": "nti-1",
          "schema_version": 0,
          "attributes": {
            "content": "nti",
            "content_base64": null,
            "content_base64sha256": "gR7eeAVKP/2/IU5j8KnAZP9+aCCD2k1if6Un9nNAoAk=",
            "content_base64sha512": "Ag6sRoEi55QlokYOdDcNEIMsNiaUb5hodOL4h7aMwF3hQvkAcgCC4xAFRwQh0xZRQrFywYASSJmGkaEKinrMUA==",
            "content_md5": "e9c40fa9b52f773cab9ca9a23ad78bc8",
            "content_sha1": "515680044e3983cf1303bb1325b414e6615e5473",
            "content_sha256": "811ede78054a3ffdbf214e63f0a9c064ff7e682083da4d627fa527f67340a009",
            "content_sha512": "020eac468122e79425a2460e74370d10832c3626946f986874e2f887b68cc05de142f900720082e31005470421d3165142b172c1801248998691a10a8a7acc50",
            "directory_permission": "0777",
            "file_permission": "0777",
            "filename": "nti-1",
            "id": "515680044e3983cf1303bb1325b414e6615e5473",
            "sensitive_content": null,
            "source": null
          },
          "sensitive_attributes": [
            [
              {
                "type": "get_attr",
                "value": "sensitive_content"
              }
            ]
          ]
        },
        {
          "index_key": "nti-2",
          "schema_version": 0,
          "attributes": {
            "content": "nti",
            "content_base64": null,
            "content_base64sha256": "gR7eeAVKP/2/IU5j8KnAZP9+aCCD2k1if6Un9nNAoAk=",
            "content_base64sha512": "Ag6sRoEi55QlokYOdDcNEIMsNiaUb5hodOL4h7aMwF3hQvkAcgCC4xAFRwQh0xZRQrFywYASSJmGkaEKinrMUA==",
            "content_md5": "e9c40fa9b52f773cab9ca9a23ad78bc8",
            "content_sha1": "515680044e3983cf1303bb1325b414e6615e5473",
            "content_sha256": "811ede78054a3ffdbf214e63f0a9c064ff7e682083da4d627fa527f67340a009",
            "content_sha512": "020eac468122e79425a2460e74370d10832c3626946f986874e2f887b68cc05de142f900720082e31005470421d3165142b172c1801248998691a10a8a7acc50",
            "directory_permission": "0777",
            "file_permission": "0777",
            "filename": "nti-2",
            "id": "515680044e3983cf1303bb1325b414e6615e5473",
            "sensitive_content": null,
            "source": null
          },
          "sensitive_attributes": [
            [
              {
                "type": "get_attr",
                "value": "sensitive_content"
              }
            ]
          ]
        },
        {
          "index_key": "nti-3",
          "schema_version": 0,
          "attributes": {
            "content": "nti",
            "content_base64": null,
            "content_base64sha256": "gR7eeAVKP/2/IU5j8KnAZP9+aCCD2k1if6Un9nNAoAk=",
            "content_base64sha512": "Ag6sRoEi55QlokYOdDcNEIMsNiaUb5hodOL4h7aMwF3hQvkAcgCC4xAFRwQh0xZRQrFywYASSJmGkaEKinrMUA==",
            "content_md5": "e9c40fa9b52f773cab9ca9a23ad78bc8",
            "content_sha1": "515680044e3983cf1303bb1325b414e6615e5473",
            "content_sha256": "811ede78054a3ffdbf214e63f0a9c064ff7e682083da4d627fa527f67340a009",
            "content_sha512": "020eac468122e79425a2460e74370d10832c3626946f986874e2f887b68cc05de142f900720082e31005470421d3165142b172c1801248998691a10a8a7acc50",
            "directory_permission": "0777",
            "file_permission": "0777",
            "filename": "nti-3",
            "id": "515680044e3983cf1303bb1325b414e6615e5473",
            "sensitive_content": null,
            "source": null
          },
          "sensitive_attributes": [
            [
              {
                "type": "get_attr",
                "value": "sensitive_content"
              }
            ]
          ]
        },
        {
          "index_key": "nti-4",
          "schema_version": 0,
          "attributes": {
            "content": "nti",
            "content_base64": null,
            "content_base64sha256": "gR7eeAVKP/2/IU5j8KnAZP9+aCCD2k1if6Un9nNAoAk=",
            "content_base64sha512": "Ag6sRoEi55QlokYOdDcNEIMsNiaUb5hodOL4h7aMwF3hQvkAcgCC4xAFRwQh0xZRQrFywYASSJmGkaEKinrMUA==",
            "content_md5": "e9c40fa9b52f773cab9ca9a23ad78bc8",
            "content_sha1": "515680044e3983cf1303bb1325b414e6615e5473",
            "content_sha256": "811ede78054a3ffdbf214e63f0a9c064ff7e682083da4d627fa527f67340a009",
            "content_sha512": "020eac468122e79425a2460e74370d10832c3626946f986874e2f887b68cc05de142f900720082e31005470421d3165142b172c1801248998691a10a8a7acc50",
            "directory_permission": "0777",
            "file_permission": "0777",
            "filename": "nti-4",
            "id": "515680044e3983cf1303bb1325b414e6615e5473",
            "sensitive_content": null,
            "source": null
          },
          "sensitive_attributes": [
            [
              {
                "type": "get_attr",
                "value": "sensitive_content"
              }
            ]
          ]
        },
        {
          "index_key": "nti-5",
          "schema_version": 0,
          "attributes": {
            "content": "nti",
            "content_base64": null,
            "content_base64sha256": "gR7eeAVKP/2/IU5j8KnAZP9+aCCD2k1if6Un9nNAoAk=",
            "content_base64sha512": "Ag6sRoEi55QlokYOdDcNEIMsNiaUb5hodOL4h7aMwF3hQvkAcgCC4xAFRwQh0xZRQrFywYASSJmGkaEKinrMUA==",
            "content_md5": "e9c40fa9b52f773cab9ca9a23ad78bc8",
            "content_sha1": "515680044e3983cf1303bb1325b414e6615e5473",
            "content_sha256": "811ede78054a3ffdbf214e63f0a9c064ff7e682083da4d627fa527f67340a009",
            "content_sha512": "020eac468122e79425a2460e74370d10832c3626946f986874e2f887b68cc05de142f900720082e31005470421d3165142b172c1801248998691a10a8a7acc50",
            "directory_permission": "0777",
            "file_permission": "0777",
            "filename": "nti-5",
            "id": "515680044e3983cf1303bb1325b414e6615e5473",
            "sensitive_content": null,
            "source": null
          },
          "sensitive_attributes": [
            [
              {
                "type": "get_attr",
                "value": "sensitive_content"
              }
            ]
          ]
        }
      ]
    }
  ],
  "check_results": null
}
